// !$*UTF8*$!
{
	archiveVersion = 1;
	classes = {
	};
	objectVersion = 50;
	objects = {

/* Begin PBXBuildFile section */
		6E30580F245595D3005D9519 /* SqueezeNet.mlmodel in Sources */ = {isa = PBXBuildFile; fileRef = 6E30580E245595D3005D9519 /* SqueezeNet.mlmodel */; };
		6E36FB852454998E002F66C0 /* AppDelegate.swift in Sources */ = {isa = PBXBuildFile; fileRef = 6E36FB842454998E002F66C0 /* AppDelegate.swift */; };
		6E36FB872454998E002F66C0 /* SceneDelegate.swift in Sources */ = {isa = PBXBuildFile; fileRef = 6E36FB862454998E002F66C0 /* SceneDelegate.swift */; };
		6E36FB892454998E002F66C0 /* CameraViewController.swift in Sources */ = {isa = PBXBuildFile; fileRef = 6E36FB882454998E002F66C0 /* CameraViewController.swift */; };
		6E36FB8C2454998E002F66C0 /* Main.storyboard in Resources */ = {isa = PBXBuildFile; fileRef = 6E36FB8A2454998E002F66C0 /* Main.storyboard */; };
		6E36FB8E24549993002F66C0 /* Assets.xcassets in Resources */ = {isa = PBXBuildFile; fileRef = 6E36FB8D24549993002F66C0 /* Assets.xcassets */; };
		6E5B74FF2454AB390091D1EF /* RoundedShadowView.swift in Sources */ = {isa = PBXBuildFile; fileRef = 6E5B74FE2454AB390091D1EF /* RoundedShadowView.swift */; };
		6E5B75012454AC480091D1EF /* RoundedShadowButton.swift in Sources */ = {isa = PBXBuildFile; fileRef = 6E5B75002454AC480091D1EF /* RoundedShadowButton.swift */; };
		6E5B75032454ACAB0091D1EF /* RoundedShadowImageView.swift in Sources */ = {isa = PBXBuildFile; fileRef = 6E5B75022454ACAB0091D1EF /* RoundedShadowImageView.swift */; };
/* End PBXBuildFile section */

/* Begin PBXFileReference section */
		6E30580E245595D3005D9519 /* SqueezeNet.mlmodel */ = {isa = PBXFileReference; lastKnownFileType = file.mlmodel; path = SqueezeNet.mlmodel; sourceTree = "<group>"; };
		6E36FB812454998E002F66C0 /* VisionAppDev.app */ = {isa = PBXFileReference; explicitFileType = wrapper.application; includeInIndex = 0; path = VisionAppDev.app; sourceTree = BUILT_PRODUCTS_DIR; };
		6E36FB842454998E002F66C0 /* AppDelegate.swift */ = {isa = PBXFileReference; lastKnownFileType = sourcecode.swift; path = AppDelegate.swift; sourceTree = "<group>"; };
		6E36FB862454998E002F66C0 /* SceneDelegate.swift */ = {isa = PBXFileReference; lastKnownFileType = sourcecode.swift; path = SceneDelegate.swift; sourceTree = "<group>"; };
		6E36FB882454998E002F66C0 /* CameraViewController.swift */ = {isa = PBXFileReference; lastKnownFileType = sourcecode.swift; path = CameraViewController.swift; sourceTree = "<group>"; };
		6E36FB8B2454998E002F66C0 /* Base */ = {isa = PBXFileReference; lastKnownFileType = file.storyboard; name = Base; path = Base.lproj/Main.storyboard; sourceTree = "<group>"; };
		6E36FB8D24549993002F66C0 /* Assets.xcassets */ = {isa = PBXFileReference; lastKnownFileType = folder.assetcatalog; path = Assets.xcassets; sourceTree = "<group>"; };
		6E36FB9224549993002F66C0 /* Info.plist */ = {isa = PBXFileReference; lastKnownFileType = text.plist.xml; path = Info.plist; sourceTree = "<group>"; };
		6E5B74FE2454AB390091D1EF /* RoundedShadowView.swift */ = {isa = PBXFileReference; lastKnownFileType = sourcecode.swift; path = RoundedShadowView.swift; sourceTree = "<group>"; };
		6E5B75002454AC480091D1EF /* RoundedShadowButton.swift */ = {isa = PBXFileReference; lastKnownFileType = sourcecode.swift; path = RoundedShadowButton.swift; sourceTree = "<group>"; };
		6E5B75022454ACAB0091D1EF /* RoundedShadowImageView.swift */ = {isa = PBXFileReference; lastKnownFileType = sourcecode.swift; path = RoundedShadowImageView.swift; sourceTree = "<group>"; };
/* End PBXFileReference section */

/* Begin PBXFrameworksBuildPhase section */
		6E36FB7E2454998E002F66C0 /* Frameworks */ = {
			isa = PBXFrameworksBuildPhase;
			buildActionMask = 2147483647;
			files = (
			);
			runOnlyForDeploymentPostprocessing = 0;
		};
/* End PBXFrameworksBuildPhase section */

/* Begin PBXGroup section */
		6E36FB782454998E002F66C0 = {
			isa = PBXGroup;
			children = (
				6E36FB832454998E002F66C0 /* VisionAppDev */,
				6E36FB822454998E002F66C0 /* Products */,
			);
			sourceTree = "<group>";
		};
		6E36FB822454998E002F66C0 /* Products */ = {
			isa = PBXGroup;
			children = (
				6E36FB812454998E002F66C0 /* VisionAppDev.app */,
			);
			name = Products;
			sourceTree = "<group>";
		};
		6E36FB832454998E002F66C0 /* VisionAppDev */ = {
			isa = PBXGroup;
			children = (
				6E36FB9A245499CD002F66C0 /* Resources */,
				6E36FB99245499BC002F66C0 /* View */,
				6E36FB98245499AF002F66C0 /* Controllers */,
				6E36FB842454998E002F66C0 /* AppDelegate.swift */,
				6E36FB862454998E002F66C0 /* SceneDelegate.swift */,
				6E36FB8A2454998E002F66C0 /* Main.storyboard */,
				6E36FB8D24549993002F66C0 /* Assets.xcassets */,
				6E36FB9224549993002F66C0 /* Info.plist */,
			);
			path = VisionAppDev;
			sourceTree = "<group>";
		};
		6E36FB98245499AF002F66C0 /* Controllers */ = {
			isa = PBXGroup;
			children = (
				6E36FB882454998E002F66C0 /* CameraViewController.swift */,
			);
			path = Controllers;
			sourceTree = "<group>";
		};
		6E36FB99245499BC002F66C0 /* View */ = {
			isa = PBXGroup;
			children = (
				6E5B74FE2454AB390091D1EF /* RoundedShadowView.swift */,
				6E5B75002454AC480091D1EF /* RoundedShadowButton.swift */,
				6E5B75022454ACAB0091D1EF /* RoundedShadowImageView.swift */,
			);
			path = View;
			sourceTree = "<group>";
		};
		6E36FB9A245499CD002F66C0 /* Resources */ = {
			isa = PBXGroup;
			children = (
				6E30580E245595D3005D9519 /* SqueezeNet.mlmodel */,
			);
			path = Resources;
			sourceTree = "<group>";
		};
/* End PBXGroup section */

/* Begin PBXNativeTarget section */
		6E36FB802454998E002F66C0 /* VisionAppDev */ = {
			isa = PBXNativeTarget;
			buildConfigurationList = 6E36FB9524549993002F66C0 /* Build configuration list for PBXNativeTarget "VisionAppDev" */;
			buildPhases = (
				6E36FB7D2454998E002F66C0 /* Sources */,
				6E36FB7E2454998E002F66C0 /* Frameworks */,
				6E36FB7F2454998E002F66C0 /* Resources */,
			);
			buildRules = (
			);
			dependencies = (
			);
			name = VisionAppDev;
			productName = VisionAppDev;
			productReference = 6E36FB812454998E002F66C0 /* VisionAppDev.app */;
			productType = "com.apple.product-type.application";
		};
/* End PBXNativeTarget section */

/* Begin PBXProject section */
		6E36FB792454998E002F66C0 /* Project object */ = {
			isa = PBXProject;
			attributes = {
				LastSwiftUpdateCheck = 1140;
				LastUpgradeCheck = 1140;
				ORGANIZATIONNAME = "Chris Mercer";
				TargetAttributes = {
					6E36FB802454998E002F66C0 = {
						CreatedOnToolsVersion = 11.4.1;
					};
				};
			};
			buildConfigurationList = 6E36FB7C2454998E002F66C0 /* Build configuration list for PBXProject "VisionAppDev" */;
			compatibilityVersion = "Xcode 9.3";
			developmentRegion = en;
			hasScannedForEncodings = 0;
			knownRegions = (
				en,
				Base,
			);
			mainGroup = 6E36FB782454998E002F66C0;
			productRefGroup = 6E36FB822454998E002F66C0 /* Products */;
			projectDirPath = "";
			projectRoot = "";
			targets = (
				6E36FB802454998E002F66C0 /* VisionAppDev */,
			);
		};
/* End PBXProject section */

/* Begin PBXResourcesBuildPhase section */
		6E36FB7F2454998E002F66C0 /* Resources */ = {
			isa = PBXResourcesBuildPhase;
			buildActionMask = 2147483647;
			files = (
				6E36FB8E24549993002F66C0 /* Assets.xcassets in Resources */,
				6E36FB8C2454998E002F66C0 /* Main.storyboard in Resources */,
			);
			runOnlyForDeploymentPostprocessing = 0;
		};
/* End PBXResourcesBuildPhase section */

/* Begin PBXSourcesBuildPhase section */
		6E36FB7D2454998E002F66C0 /* Sources */ = {
			isa = PBXSourcesBuildPhase;
			buildActionMask = 2147483647;
			files = (
				6E5B74FF2454AB390091D1EF /* RoundedShadowView.swift in Sources */,
				6E5B75012454AC480091D1EF /* RoundedShadowButton.swift in Sources */,
				6E36FB892454998E002F66C0 /* CameraViewController.swift in Sources */,
				6E30580F245595D3005D9519 /* SqueezeNet.mlmodel in Sources */,
				6E36FB852454998E002F66C0 /* AppDelegate.swift in Sources */,
				6E5B75032454ACAB0091D1EF /* RoundedShadowImageView.swift in Sources */,
				6E36FB872454998E002F66C0 /* SceneDelegate.swift in Sources */,
			);
			runOnlyForDeploymentPostprocessing = 0;
		};
/* End PBXSourcesBuildPhase section */

/* Begin PBXVariantGroup section */
		6E36FB8A2454998E002F66C0 /* Main.storyboard */ = {
			isa = PBXVariantGroup;
			children = (
				6E36FB8B2454998E002F66C0 /* Base */,
			);
			name = Main.storyboard;
			sourceTree = "<group>";
		};
/* End PBXVariantGroup section */

/* Begin XCBuildConfiguration section */
		6E36FB9324549993002F66C0 /* Debug */ = {
			isa = XCBuildConfiguration;
			buildSettings = {
				ALWAYS_SEARCH_USER_PATHS = NO;
				CLANG_ANALYZER_NONNULL = YES;
				CLANG_ANALYZER_NUMBER_OBJECT_CONVERSION = YES_AGGRESSIVE;
				CLANG_CXX_LANGUAGE_STANDARD = "gnu++14";
				CLANG_CXX_LIBRARY = "libc++";
				CLANG_ENABLE_MODULES = YES;
				CLANG_ENABLE_OBJC_ARC = YES;
				CLANG_ENABLE_OBJC_WEAK = YES;
				CLANG_WARN_BLOCK_CAPTURE_AUTORELEASING = YES;
				CLANG_WARN_BOOL_CONVERSION = YES;
				CLANG_WARN_COMMA = YES;
				CLANG_WARN_CONSTANT_CONVERSION = YES;
				CLANG_WARN_DEPRECATED_OBJC_IMPLEMENTATIONS = YES;
				CLANG_WARN_DIRECT_OBJC_ISA_USAGE = YES_ERROR;
				CLANG_WARN_DOCUMENTATION_COMMENTS = YES;
				CLANG_WARN_EMPTY_BODY = YES;
				CLANG_WARN_ENUM_CONVERSION = YES;
				CLANG_WARN_INFINITE_RECURSION = YES;
				CLANG_WARN_INT_CONVERSION = YES;
				CLANG_WARN_NON_LITERAL_NULL_CONVERSION = YES;
				CLANG_WARN_OBJC_IMPLICIT_RETAIN_SELF = YES;
				CLANG_WARN_OBJC_LITERAL_CONVERSION = YES;
				CLANG_WARN_OBJC_ROOT_CLASS = YES_ERROR;
				CLANG_WARN_RANGE_LOOP_ANALYSIS = YES;
				CLANG_WARN_STRICT_PROTOTYPES = YES;
				CLANG_WARN_SUSPICIOUS_MOVE = YES;
				CLANG_WARN_UNGUARDED_AVAILABILITY = YES_AGGRESSIVE;
				CLANG_WARN_UNREACHABLE_CODE = YES;
				CLANG_WARN__DUPLICATE_METHOD_MATCH = YES;
				COPY_PHASE_STRIP = NO;
				DEBUG_INFORMATION_FORMAT = dwarf;
				ENABLE_STRICT_OBJC_MSGSEND = YES;
				ENABLE_TESTABILITY = YES;
				GCC_C_LANGUAGE_STANDARD = gnu11;
				GCC_DYNAMIC_NO_PIC = NO;
				GCC_NO_COMMON_BLOCKS = YES;
				GCC_OPTIMIZATION_LEVEL = 0;
				GCC_PREPROCESSOR_DEFINITIONS = (
					"DEBUG=1",
					"$(inherited)",
				);
				GCC_WARN_64_TO_32_BIT_CONVERSION = YES;
				GCC_WARN_ABOUT_RETURN_TYPE = YES_ERROR;
				GCC_WARN_UNDECLARED_SELECTOR = YES;
				GCC_WARN_UNINITIALIZED_AUTOS = YES_AGGRESSIVE;
				GCC_WARN_UNUSED_FUNCTION = YES;
				GCC_WARN_UNUSED_VARIABLE = YES;
				IPHONEOS_DEPLOYMENT_TARGET = 13.4;
				MTL_ENABLE_DEBUG_INFO = INCLUDE_SOURCE;
				MTL_FAST_MATH = YES;
				ONLY_ACTIVE_ARCH = YES;
				SDKROOT = iphoneos;
				SWIFT_ACTIVE_COMPILATION_CONDITIONS = DEBUG;
				SWIFT_OPTIMIZATION_LEVEL = "-Onone";
			};
			name = Debug;
		};
		6E36FB9424549993002F66C0 /* Release */ = {
			isa = XCBuildConfiguration;
			buildSettings = {
				ALWAYS_SEARCH_USER_PATHS = NO;
				CLANG_ANALYZER_NONNULL = YES;
				CLANG_ANALYZER_NUMBER_OBJECT_CONVERSION = YES_AGGRESSIVE;
				CLANG_CXX_LANGUAGE_STANDARD = "gnu++14";
				CLANG_CXX_LIBRARY = "libc++";
				CLANG_ENABLE_MODULES = YES;
				CLANG_ENABLE_OBJC_ARC = YES;
				CLANG_ENABLE_OBJC_WEAK = YES;
				CLANG_WARN_BLOCK_CAPTURE_AUTORELEASING = YES;
				CLANG_WARN_BOOL_CONVERSION = YES;
				CLANG_WARN_COMMA = YES;
				CLANG_WARN_CONSTANT_CONVERSION = YES;
				CLANG_WARN_DEPRECATED_OBJC_IMPLEMENTATIONS = YES;
				CLANG_WARN_DIRECT_OBJC_ISA_USAGE = YES_ERROR;
				CLANG_WARN_DOCUMENTATION_COMMENTS = YES;
				CLANG_WARN_EMPTY_BODY = YES;
				CLANG_WARN_ENUM_CONVERSION = YES;
				CLANG_WARN_INFINITE_RECURSION = YES;
				CLANG_WARN_INT_CONVERSION = YES;
				CLANG_WARN_NON_LITERAL_NULL_CONVERSION = YES;
				CLANG_WARN_OBJC_IMPLICIT_RETAIN_SELF = YES;
				CLANG_WARN_OBJC_LITERAL_CONVERSION = YES;
				CLANG_WARN_OBJC_ROOT_CLASS = YES_ERROR;
				CLANG_WARN_RANGE_LOOP_ANALYSIS = YES;
				CLANG_WARN_STRICT_PROTOTYPES = YES;
				CLANG_WARN_SUSPICIOUS_MOVE = YES;
				CLANG_WARN_UNGUARDED_AVAILABILITY = YES_AGGRESSIVE;
				CLANG_WARN_UNREACHABLE_CODE = YES;
				CLANG_WARN__DUPLICATE_METHOD_MATCH = YES;
				COPY_PHASE_STRIP = NO;
				DEBUG_INFORMATION_FORMAT = "dwarf-with-dsym";
				ENABLE_NS_ASSERTIONS = NO;
				ENABLE_STRICT_OBJC_MSGSEND = YES;
				GCC_C_LANGUAGE_STANDARD = gnu11;
				GCC_NO_COMMON_BLOCKS = YES;
				GCC_WARN_64_TO_32_BIT_CONVERSION = YES;
				GCC_WARN_ABOUT_RETURN_TYPE = YES_ERROR;
				GCC_WARN_UNDECLARED_SELECTOR = YES;
				GCC_WARN_UNINITIALIZED_AUTOS = YES_AGGRESSIVE;
				GCC_WARN_UNUSED_FUNCTION = YES;
				GCC_WARN_UNUSED_VARIABLE = YES;
				IPHONEOS_DEPLOYMENT_TARGET = 13.4;
				MTL_ENABLE_DEBUG_INFO = NO;
				MTL_FAST_MATH = YES;
				SDKROOT = iphoneos;
				SWIFT_COMPILATION_MODE = wholemodule;
				SWIFT_OPTIMIZATION_LEVEL = "-O";
				VALIDATE_PRODUCT = YES;
			};
			name = Release;
		};
		6E36FB9624549993002F66C0 /* Debug */ = {
			isa = XCBuildConfiguration;
			buildSettings = {
				ASSETCATALOG_COMPILER_APPICON_NAME = AppIcon;
				CODE_SIGN_STYLE = Automatic;
				DEVELOPMENT_TEAM = CX47T73SKV;
				INFOPLIST_FILE = VisionAppDev/Info.plist;
				LD_RUNPATH_SEARCH_PATHS = (
					"$(inherited)",
					"@executable_path/Frameworks",
				);
				PRODUCT_BUNDLE_IDENTIFIER = com.chriswm.VisionAppDev;
				PRODUCT_NAME = "$(TARGET_NAME)";
				SWIFT_VERSION = 5.0;
				TARGETED_DEVICE_FAMILY = "1,2";
			};
			name = Debug;
		};
		6E36FB9724549993002F66C0 /* Release */ = {
			isa = XCBuildConfiguration;
			buildSettings = {
				ASSETCATALOG_COMPILER_APPICON_NAME = AppIcon;
				CODE_SIGN_STYLE = Automatic;
				DEVELOPMENT_TEAM = CX47T73SKV;
				INFOPLIST_FILE = VisionAppDev/Info.plist;
				LD_RUNPATH_SEARCH_PATHS = (
					"$(inherited)",
					"@executable_path/Frameworks",
				);
				PRODUCT_BUNDLE_IDENTIFIER = com.chriswm.VisionAppDev;
				PRODUCT_NAME = "$(TARGET_NAME)";
				SWIFT_VERSION = 5.0;
				TARGETED_DEVICE_FAMILY = "1,2";
			};
			name = Release;
		};
/* End XCBuildConfiguration section */

/* Begin XCConfigurationList section */
		6E36FB7C2454998E002F66C0 /* Build configuration list for PBXProject "VisionAppDev" */ = {
			isa = XCConfigurationList;
			buildConfigurations = (
				6E36FB9324549993002F66C0 /* Debug */,
				6E36FB9424549993002F66C0 /* Release */,
			);
			defaultConfigurationIsVisible = 0;
			defaultConfigurationName = Release;
		};
		6E36FB9524549993002F66C0 /* Build configuration list for PBXNativeTarget "VisionAppDev" */ = {
			isa = XCConfigurationList;
			buildConfigurations = (
				6E36FB9624549993002F66C0 /* Debug */,
				6E36FB9724549993002F66C0 /* Release */,
			);
			defaultConfigurationIsVisible = 0;
			defaultConfigurationName = Release;
		};
/* End XCConfigurationList section */
	};
	rootObject = 6E36FB792454998E002F66C0 /* Project object */;
}
